
Microsoft Visual Studio Solution File, Format Version 12.00
Project("{2150E333-8FDC-42A3-9474-1A3956D46DE8}") = "Examples", "Examples", "{CA77CC1D-2BDA-4D39-AC19-F49FA40B2342}"
EndProject
Project("{FAE04EC0-301F-11D3-BF4B-00C04F79EFBC}") = "HipsterEngine.Core", "HipsterEngine.Core\HipsterEngine.Core.csproj", "{E9CA7CD4-DDD6-4ABB-9A17-C1DF44E50BEB}"
EndProject
Project("{FAE04EC0-301F-11D3-BF4B-00C04F79EFBC}") = "HipsterEngine.Core.Desktop", "HipsterEngine.Core.Desktop\HipsterEngine.Core.Desktop.csproj", "{1063F7C3-11E0-4C6D-9929-A4938D0E9401}"
EndProject
Project("{2150E333-8FDC-42A3-9474-1A3956D46DE8}") = "Desktop", "Desktop", "{A3540C3D-6E5C-41DF-9284-79D2D2976FF4}"
EndProject
Project("{FAE04EC0-301F-11D3-BF4B-00C04F79EFBC}") = "PhysicsEditor", "PhysicsEditor\PhysicsEditor.csproj", "{D74FC167-29CE-47AC-BEFB-9777CD9FCAD3}"
EndProject
Project("{FAE04EC0-301F-11D3-BF4B-00C04F79EFBC}") = "HipsterEngine.Core.Android", "HipsterEngine.Core.Android\HipsterEngine.Core.Android.csproj", "{5589CBB8-2D31-4DFF-9219-12DB3C674372}"
EndProject
Project("{FAE04EC0-301F-11D3-BF4B-00C04F79EFBC}") = "FlatPlanet.Desktop", "FlatPlanet.Desktop\FlatPlanet.Desktop.csproj", "{82E63F24-26E3-4AB6-9EAA-706A6C2D1E84}"
EndProject
Project("{2150E333-8FDC-42A3-9474-1A3956D46DE8}") = "HoleVortex", "HoleVortex", "{78C1BA7E-C052-47A5-A2EE-A50E6CEF8A41}"
EndProject
Project("{FAE04EC0-301F-11D3-BF4B-00C04F79EFBC}") = "HoleVortex.Core", "Examples\HoleVortex\HoleVortex.Core\HoleVortex.Core.csproj", "{C1853D45-EBA3-4D4B-9EFF-5E5B7C3E4BAD}"
EndProject
Project("{FAE04EC0-301F-11D3-BF4B-00C04F79EFBC}") = "HoleVortex.Desktop", "Examples\HoleVortex\HoleVortex.Desktop\HoleVortex.Desktop.csproj", "{DFB97855-6473-45CC-B15E-CD867764A975}"
EndProject
Project("{FAE04EC0-301F-11D3-BF4B-00C04F79EFBC}") = "HoleVortex.Android", "Examples\HoleVortex\HoleVortex.Android\HoleVortex.Android.csproj", "{92373475-EFA6-45A3-9476-31B96BFBF52A}"
EndProject
Global
	GlobalSection(SolutionConfigurationPlatforms) = preSolution
		Debug|Any CPU = Debug|Any CPU
		Release|Any CPU = Release|Any CPU
	EndGlobalSection
	GlobalSection(ProjectConfigurationPlatforms) = postSolution
		{E9CA7CD4-DDD6-4ABB-9A17-C1DF44E50BEB}.Debug|Any CPU.ActiveCfg = Debug|Any CPU
		{E9CA7CD4-DDD6-4ABB-9A17-C1DF44E50BEB}.Debug|Any CPU.Build.0 = Debug|Any CPU
		{E9CA7CD4-DDD6-4ABB-9A17-C1DF44E50BEB}.Release|Any CPU.ActiveCfg = Release|Any CPU
		{E9CA7CD4-DDD6-4ABB-9A17-C1DF44E50BEB}.Release|Any CPU.Build.0 = Release|Any CPU
		{1063F7C3-11E0-4C6D-9929-A4938D0E9401}.Debug|Any CPU.ActiveCfg = Debug|Any CPU
		{1063F7C3-11E0-4C6D-9929-A4938D0E9401}.Debug|Any CPU.Build.0 = Debug|Any CPU
		{1063F7C3-11E0-4C6D-9929-A4938D0E9401}.Release|Any CPU.ActiveCfg = Release|Any CPU
		{1063F7C3-11E0-4C6D-9929-A4938D0E9401}.Release|Any CPU.Build.0 = Release|Any CPU
		{D74FC167-29CE-47AC-BEFB-9777CD9FCAD3}.Debug|Any CPU.ActiveCfg = Debug|Any CPU
		{D74FC167-29CE-47AC-BEFB-9777CD9FCAD3}.Debug|Any CPU.Build.0 = Debug|Any CPU
		{D74FC167-29CE-47AC-BEFB-9777CD9FCAD3}.Release|Any CPU.ActiveCfg = Release|Any CPU
		{D74FC167-29CE-47AC-BEFB-9777CD9FCAD3}.Release|Any CPU.Build.0 = Release|Any CPU
		{5589CBB8-2D31-4DFF-9219-12DB3C674372}.Debug|Any CPU.ActiveCfg = Debug|Any CPU
		{5589CBB8-2D31-4DFF-9219-12DB3C674372}.Debug|Any CPU.Build.0 = Debug|Any CPU
		{5589CBB8-2D31-4DFF-9219-12DB3C674372}.Release|Any CPU.ActiveCfg = Release|Any CPU
		{5589CBB8-2D31-4DFF-9219-12DB3C674372}.Release|Any CPU.Build.0 = Release|Any CPU
		{82E63F24-26E3-4AB6-9EAA-706A6C2D1E84}.Debug|Any CPU.ActiveCfg = Debug|Any CPU
		{82E63F24-26E3-4AB6-9EAA-706A6C2D1E84}.Debug|Any CPU.Build.0 = Debug|Any CPU
		{82E63F24-26E3-4AB6-9EAA-706A6C2D1E84}.Release|Any CPU.ActiveCfg = Release|Any CPU
		{82E63F24-26E3-4AB6-9EAA-706A6C2D1E84}.Release|Any CPU.Build.0 = Release|Any CPU
		{C1853D45-EBA3-4D4B-9EFF-5E5B7C3E4BAD}.Debug|Any CPU.ActiveCfg = Debug|Any CPU
		{C1853D45-EBA3-4D4B-9EFF-5E5B7C3E4BAD}.Debug|Any CPU.Build.0 = Debug|Any CPU
		{C1853D45-EBA3-4D4B-9EFF-5E5B7C3E4BAD}.Release|Any CPU.ActiveCfg = Release|Any CPU
		{C1853D45-EBA3-4D4B-9EFF-5E5B7C3E4BAD}.Release|Any CPU.Build.0 = Release|Any CPU
		{DFB97855-6473-45CC-B15E-CD867764A975}.Debug|Any CPU.ActiveCfg = Debug|Any CPU
		{DFB97855-6473-45CC-B15E-CD867764A975}.Debug|Any CPU.Build.0 = Debug|Any CPU
		{DFB97855-6473-45CC-B15E-CD867764A975}.Release|Any CPU.ActiveCfg = Release|Any CPU
		{DFB97855-6473-45CC-B15E-CD867764A975}.Release|Any CPU.Build.0 = Release|Any CPU
		{92373475-EFA6-45A3-9476-31B96BFBF52A}.Debug|Any CPU.ActiveCfg = Debug|Any CPU
		{92373475-EFA6-45A3-9476-31B96BFBF52A}.Debug|Any CPU.Build.0 = Debug|Any CPU
		{92373475-EFA6-45A3-9476-31B96BFBF52A}.Release|Any CPU.ActiveCfg = Release|Any CPU
		{92373475-EFA6-45A3-9476-31B96BFBF52A}.Release|Any CPU.Build.0 = Release|Any CPU
	EndGlobalSection
	GlobalSection(NestedProjects) = preSolution
		{A3540C3D-6E5C-41DF-9284-79D2D2976FF4} = {CA77CC1D-2BDA-4D39-AC19-F49FA40B2342}
		{D74FC167-29CE-47AC-BEFB-9777CD9FCAD3} = {A3540C3D-6E5C-41DF-9284-79D2D2976FF4}
		{82E63F24-26E3-4AB6-9EAA-706A6C2D1E84} = {A3540C3D-6E5C-41DF-9284-79D2D2976FF4}
		{78C1BA7E-C052-47A5-A2EE-A50E6CEF8A41} = {CA77CC1D-2BDA-4D39-AC19-F49FA40B2342}
		{C1853D45-EBA3-4D4B-9EFF-5E5B7C3E4BAD} = {78C1BA7E-C052-47A5-A2EE-A50E6CEF8A41}
		{DFB97855-6473-45CC-B15E-CD867764A975} = {78C1BA7E-C052-47A5-A2EE-A50E6CEF8A41}
		{92373475-EFA6-45A3-9476-31B96BFBF52A} = {78C1BA7E-C052-47A5-A2EE-A50E6CEF8A41}
	EndGlobalSection
EndGlobal
