
Microsoft Visual Studio Solution File, Format Version 12.00
# Visual Studio 15
VisualStudioVersion = 15.0.28010.2026
MinimumVisualStudioVersion = 10.0.40219.1
Project("{2150E333-8FDC-42A3-9474-1A3956D46DE8}") = "Examples", "Examples", "{CA77CC1D-2BDA-4D39-AC19-F49FA40B2342}"
EndProject
Project("{9A19103F-16F7-4668-BE54-9A1E7A4F7556}") = "HipsterEngine.Core", "HipsterEngine.Core\HipsterEngine.Core.csproj", "{E9CA7CD4-DDD6-4ABB-9A17-C1DF44E50BEB}"
EndProject
Project("{9A19103F-16F7-4668-BE54-9A1E7A4F7556}") = "HipsterEngine.Core.Desktop", "HipsterEngine.Core.Desktop\HipsterEngine.Core.Desktop.csproj", "{1063F7C3-11E0-4C6D-9929-A4938D0E9401}"
EndProject
Project("{FAE04EC0-301F-11D3-BF4B-00C04F79EFBC}") = "HipsterEngine.Core.Android", "HipsterEngine.Core.Android\HipsterEngine.Core.Android.csproj", "{5589CBB8-2D31-4DFF-9219-12DB3C674372}"
EndProject
Project("{2150E333-8FDC-42A3-9474-1A3956D46DE8}") = "HoleVortex", "HoleVortex", "{78C1BA7E-C052-47A5-A2EE-A50E6CEF8A41}"
EndProject
Project("{9A19103F-16F7-4668-BE54-9A1E7A4F7556}") = "HoleVortex.Core", "Examples\HoleVortex\HoleVortex.Core\HoleVortex.Core.csproj", "{C1853D45-EBA3-4D4B-9EFF-5E5B7C3E4BAD}"
EndProject
Project("{FAE04EC0-301F-11D3-BF4B-00C04F79EFBC}") = "HoleVortex.Desktop", "Examples\HoleVortex\HoleVortex.Desktop\HoleVortex.Desktop.csproj", "{DFB97855-6473-45CC-B15E-CD867764A975}"
EndProject
Project("{2150E333-8FDC-42A3-9474-1A3956D46DE8}") = "HipsterEditor", "HipsterEditor", "{450D7150-B0BE-4301-8F00-CD988DD9C521}"
EndProject
Project("{FAE04EC0-301F-11D3-BF4B-00C04F79EFBC}") = "HipsterEditor.Physics", "Examples\HipsterEditor\HipsterEditor.Physics\HipsterEditor.Physics.csproj", "{86EC5A0B-D18B-4E07-B71A-B43DB82E180F}"
EndProject
Project("{2150E333-8FDC-42A3-9474-1A3956D46DE8}") = "SimpleUI", "SimpleUI", "{82A05E1A-7B98-4945-A813-EBF298DBEB98}"
EndProject
Project("{FAE04EC0-301F-11D3-BF4B-00C04F79EFBC}") = "SimpleUI.Desktop", "Examples\SimpleUI\SimpleUI.Desktop\SimpleUI.Desktop.csproj", "{1896D80D-66C5-449C-8A10-D092394FDDCC}"
EndProject
Project("{9A19103F-16F7-4668-BE54-9A1E7A4F7556}") = "SimpleUI.Core", "Examples\SimpleUI\SimpleUI.Core\SimpleUI.Core.csproj", "{ACC94390-983D-4B14-8044-DCBADAAC7657}"
EndProject
Project("{2150E333-8FDC-42A3-9474-1A3956D46DE8}") = "FlatPlanet", "FlatPlanet", "{330A7616-ECE7-42A5-B944-DB478278E5E9}"
EndProject
Project("{9A19103F-16F7-4668-BE54-9A1E7A4F7556}") = "FlatPlanet.Core", "Examples\FlatPlanet\FlatPlanet.Core\FlatPlanet.Core.csproj", "{D35B7719-93AA-400C-8D6E-DAAB87E42E8E}"
EndProject
Project("{FAE04EC0-301F-11D3-BF4B-00C04F79EFBC}") = "FlatPlanet.Desktop", "Examples\FlatPlanet\FlatPlanet.Desktop\FlatPlanet.Desktop.csproj", "{636DD2CC-1286-4000-BBC0-C50CF2097D3C}"
EndProject
Project("{FAE04EC0-301F-11D3-BF4B-00C04F79EFBC}") = "FlatPlanet.Android", "Examples\FlatPlanet\FlatPlanet.Android\FlatPlanet.Android.csproj", "{5550B669-CF41-4723-9E94-2441B36AC6E9}"
EndProject
Project("{FAE04EC0-301F-11D3-BF4B-00C04F79EFBC}") = "HoleVortex.Android", "Examples\HoleVortex\HoleVortex.Droid\HoleVortex.Android.csproj", "{7A8DB126-84FD-4B2F-B619-3CA55859F9CE}"
EndProject
Global
	GlobalSection(SolutionConfigurationPlatforms) = preSolution
		Debug|Any CPU = Debug|Any CPU
		Release|Any CPU = Release|Any CPU
	EndGlobalSection
	GlobalSection(ProjectConfigurationPlatforms) = postSolution
		{E9CA7CD4-DDD6-4ABB-9A17-C1DF44E50BEB}.Debug|Any CPU.ActiveCfg = Debug|Any CPU
		{E9CA7CD4-DDD6-4ABB-9A17-C1DF44E50BEB}.Debug|Any CPU.Build.0 = Debug|Any CPU
		{E9CA7CD4-DDD6-4ABB-9A17-C1DF44E50BEB}.Release|Any CPU.ActiveCfg = Release|Any CPU
		{E9CA7CD4-DDD6-4ABB-9A17-C1DF44E50BEB}.Release|Any CPU.Build.0 = Release|Any CPU
		{1063F7C3-11E0-4C6D-9929-A4938D0E9401}.Debug|Any CPU.ActiveCfg = Debug|Any CPU
		{1063F7C3-11E0-4C6D-9929-A4938D0E9401}.Debug|Any CPU.Build.0 = Debug|Any CPU
		{1063F7C3-11E0-4C6D-9929-A4938D0E9401}.Release|Any CPU.ActiveCfg = Release|Any CPU
		{1063F7C3-11E0-4C6D-9929-A4938D0E9401}.Release|Any CPU.Build.0 = Release|Any CPU
		{5589CBB8-2D31-4DFF-9219-12DB3C674372}.Debug|Any CPU.ActiveCfg = Debug|Any CPU
		{5589CBB8-2D31-4DFF-9219-12DB3C674372}.Debug|Any CPU.Build.0 = Debug|Any CPU
		{5589CBB8-2D31-4DFF-9219-12DB3C674372}.Release|Any CPU.ActiveCfg = Release|Any CPU
		{5589CBB8-2D31-4DFF-9219-12DB3C674372}.Release|Any CPU.Build.0 = Release|Any CPU
		{C1853D45-EBA3-4D4B-9EFF-5E5B7C3E4BAD}.Debug|Any CPU.ActiveCfg = Debug|Any CPU
		{C1853D45-EBA3-4D4B-9EFF-5E5B7C3E4BAD}.Debug|Any CPU.Build.0 = Debug|Any CPU
		{C1853D45-EBA3-4D4B-9EFF-5E5B7C3E4BAD}.Release|Any CPU.ActiveCfg = Release|Any CPU
		{C1853D45-EBA3-4D4B-9EFF-5E5B7C3E4BAD}.Release|Any CPU.Build.0 = Release|Any CPU
		{DFB97855-6473-45CC-B15E-CD867764A975}.Debug|Any CPU.ActiveCfg = Debug|Any CPU
		{DFB97855-6473-45CC-B15E-CD867764A975}.Debug|Any CPU.Build.0 = Debug|Any CPU
		{DFB97855-6473-45CC-B15E-CD867764A975}.Release|Any CPU.ActiveCfg = Release|Any CPU
		{DFB97855-6473-45CC-B15E-CD867764A975}.Release|Any CPU.Build.0 = Release|Any CPU
		{86EC5A0B-D18B-4E07-B71A-B43DB82E180F}.Debug|Any CPU.ActiveCfg = Debug|Any CPU
		{86EC5A0B-D18B-4E07-B71A-B43DB82E180F}.Debug|Any CPU.Build.0 = Debug|Any CPU
		{86EC5A0B-D18B-4E07-B71A-B43DB82E180F}.Release|Any CPU.ActiveCfg = Release|Any CPU
		{86EC5A0B-D18B-4E07-B71A-B43DB82E180F}.Release|Any CPU.Build.0 = Release|Any CPU
		{1896D80D-66C5-449C-8A10-D092394FDDCC}.Debug|Any CPU.ActiveCfg = Debug|Any CPU
		{1896D80D-66C5-449C-8A10-D092394FDDCC}.Debug|Any CPU.Build.0 = Debug|Any CPU
		{1896D80D-66C5-449C-8A10-D092394FDDCC}.Release|Any CPU.ActiveCfg = Release|Any CPU
		{1896D80D-66C5-449C-8A10-D092394FDDCC}.Release|Any CPU.Build.0 = Release|Any CPU
		{ACC94390-983D-4B14-8044-DCBADAAC7657}.Debug|Any CPU.ActiveCfg = Debug|Any CPU
		{ACC94390-983D-4B14-8044-DCBADAAC7657}.Debug|Any CPU.Build.0 = Debug|Any CPU
		{ACC94390-983D-4B14-8044-DCBADAAC7657}.Release|Any CPU.ActiveCfg = Release|Any CPU
		{ACC94390-983D-4B14-8044-DCBADAAC7657}.Release|Any CPU.Build.0 = Release|Any CPU
		{D35B7719-93AA-400C-8D6E-DAAB87E42E8E}.Debug|Any CPU.ActiveCfg = Debug|Any CPU
		{D35B7719-93AA-400C-8D6E-DAAB87E42E8E}.Debug|Any CPU.Build.0 = Debug|Any CPU
		{D35B7719-93AA-400C-8D6E-DAAB87E42E8E}.Release|Any CPU.ActiveCfg = Release|Any CPU
		{D35B7719-93AA-400C-8D6E-DAAB87E42E8E}.Release|Any CPU.Build.0 = Release|Any CPU
		{636DD2CC-1286-4000-BBC0-C50CF2097D3C}.Debug|Any CPU.ActiveCfg = Debug|Any CPU
		{636DD2CC-1286-4000-BBC0-C50CF2097D3C}.Debug|Any CPU.Build.0 = Debug|Any CPU
		{636DD2CC-1286-4000-BBC0-C50CF2097D3C}.Release|Any CPU.ActiveCfg = Release|Any CPU
		{636DD2CC-1286-4000-BBC0-C50CF2097D3C}.Release|Any CPU.Build.0 = Release|Any CPU
		{5550B669-CF41-4723-9E94-2441B36AC6E9}.Debug|Any CPU.ActiveCfg = Debug|Any CPU
		{5550B669-CF41-4723-9E94-2441B36AC6E9}.Debug|Any CPU.Build.0 = Debug|Any CPU
		{5550B669-CF41-4723-9E94-2441B36AC6E9}.Debug|Any CPU.Deploy.0 = Debug|Any CPU
		{5550B669-CF41-4723-9E94-2441B36AC6E9}.Release|Any CPU.ActiveCfg = Release|Any CPU
		{5550B669-CF41-4723-9E94-2441B36AC6E9}.Release|Any CPU.Build.0 = Release|Any CPU
		{5550B669-CF41-4723-9E94-2441B36AC6E9}.Release|Any CPU.Deploy.0 = Release|Any CPU
		{7A8DB126-84FD-4B2F-B619-3CA55859F9CE}.Debug|Any CPU.ActiveCfg = Debug|Any CPU
		{7A8DB126-84FD-4B2F-B619-3CA55859F9CE}.Debug|Any CPU.Build.0 = Debug|Any CPU
		{7A8DB126-84FD-4B2F-B619-3CA55859F9CE}.Debug|Any CPU.Deploy.0 = Debug|Any CPU
		{7A8DB126-84FD-4B2F-B619-3CA55859F9CE}.Release|Any CPU.ActiveCfg = Release|Any CPU
		{7A8DB126-84FD-4B2F-B619-3CA55859F9CE}.Release|Any CPU.Build.0 = Release|Any CPU
		{7A8DB126-84FD-4B2F-B619-3CA55859F9CE}.Release|Any CPU.Deploy.0 = Release|Any CPU
	EndGlobalSection
	GlobalSection(SolutionProperties) = preSolution
		HideSolutionNode = FALSE
	EndGlobalSection
	GlobalSection(NestedProjects) = preSolution
		{78C1BA7E-C052-47A5-A2EE-A50E6CEF8A41} = {CA77CC1D-2BDA-4D39-AC19-F49FA40B2342}
		{C1853D45-EBA3-4D4B-9EFF-5E5B7C3E4BAD} = {78C1BA7E-C052-47A5-A2EE-A50E6CEF8A41}
		{DFB97855-6473-45CC-B15E-CD867764A975} = {78C1BA7E-C052-47A5-A2EE-A50E6CEF8A41}
		{450D7150-B0BE-4301-8F00-CD988DD9C521} = {CA77CC1D-2BDA-4D39-AC19-F49FA40B2342}
		{86EC5A0B-D18B-4E07-B71A-B43DB82E180F} = {450D7150-B0BE-4301-8F00-CD988DD9C521}
		{82A05E1A-7B98-4945-A813-EBF298DBEB98} = {CA77CC1D-2BDA-4D39-AC19-F49FA40B2342}
		{1896D80D-66C5-449C-8A10-D092394FDDCC} = {82A05E1A-7B98-4945-A813-EBF298DBEB98}
		{ACC94390-983D-4B14-8044-DCBADAAC7657} = {82A05E1A-7B98-4945-A813-EBF298DBEB98}
		{330A7616-ECE7-42A5-B944-DB478278E5E9} = {CA77CC1D-2BDA-4D39-AC19-F49FA40B2342}
		{D35B7719-93AA-400C-8D6E-DAAB87E42E8E} = {330A7616-ECE7-42A5-B944-DB478278E5E9}
		{636DD2CC-1286-4000-BBC0-C50CF2097D3C} = {330A7616-ECE7-42A5-B944-DB478278E5E9}
		{5550B669-CF41-4723-9E94-2441B36AC6E9} = {330A7616-ECE7-42A5-B944-DB478278E5E9}
		{7A8DB126-84FD-4B2F-B619-3CA55859F9CE} = {78C1BA7E-C052-47A5-A2EE-A50E6CEF8A41}
	EndGlobalSection
	GlobalSection(ExtensibilityGlobals) = postSolution
		SolutionGuid = {BD5D87E7-DD9C-4399-BC6E-D4ED2E2B587C}
	EndGlobalSection
EndGlobal
